
Microsoft Visual Studio Solution File, Format Version 12.00
# Visual Studio Version 16
VisualStudioVersion = 16.0.31624.102
MinimumVisualStudioVersion = 10.0.40219.1
Project("{FAE04EC0-301F-11D3-BF4B-00C04F79EFBC}") = "MyMoney", "MyMoney\MyMoney.csproj", "{7BD9EC26-C537-4155-8AA8-0ABDDEA7F874}"
EndProject
Global
	GlobalSection(SolutionConfigurationPlatforms) = preSolution
		Debug|Any CPU = Debug|Any CPU
		Release|Any CPU = Release|Any CPU
	EndGlobalSection
	GlobalSection(ProjectConfigurationPlatforms) = postSolution
		{7BD9EC26-C537-4155-8AA8-0ABDDEA7F874}.Debug|Any CPU.ActiveCfg = Debug|Any CPU
		{7BD9EC26-C537-4155-8AA8-0ABDDEA7F874}.Debug|Any CPU.Build.0 = Debug|Any CPU
		{7BD9EC26-C537-4155-8AA8-0ABDDEA7F874}.Release|Any CPU.ActiveCfg = Release|Any CPU
		{7BD9EC26-C537-4155-8AA8-0ABDDEA7F874}.Release|Any CPU.Build.0 = Release|Any CPU
	EndGlobalSection
	GlobalSection(SolutionProperties) = preSolution
		HideSolutionNode = FALSE
	EndGlobalSection
	GlobalSection(ExtensibilityGlobals) = postSolution
		SolutionGuid = {1DCBF0FA-9827-480B-98D4-A58D35C2B0ED}
	EndGlobalSection
EndGlobal
